{
    "_meta": {
        "hash": {
            "sha256": "63995c156598398c969634b338fb80f7fc3cb79f3c6d17dde490febca452be68"
        },
        "pipfile-spec": 6,
        "requires": {
            "python_version": "3.11"
        },
        "sources": [
            {
                "name": "pypi",
                "url": "https://pypi.org/simple",
                "verify_ssl": true
            }
        ]
    },
    "default": {},
    "develop": {}
}
